# This file is automatically @generated by Poetry 1.6.1 and should not be changed by hand.

[[package]]
name = "black"
version = "23.9.1"
description = "The uncompromising code formatter."
optional = false
python-versions = ">=3.8"
files = [
    {file = "black-23.9.1-cp310-cp310-macosx_10_16_arm64.whl", hash = "sha256:d6bc09188020c9ac2555a498949401ab35bb6bf76d4e0f8ee251694664df6301"},
    {file = "black-23.9.1-cp310-cp310-macosx_10_16_universal2.whl", hash = "sha256:13ef033794029b85dfea8032c9d3b92b42b526f1ff4bf13b2182ce4e917f5100"},
    {file = "black-23.9.1-cp310-cp310-macosx_10_16_x86_64.whl", hash = "sha256:75a2dc41b183d4872d3a500d2b9c9016e67ed95738a3624f4751a0cb4818fe71"},
    {file = "black-23.9.1-cp310-cp310-manylinux_2_17_x86_64.manylinux2014_x86_64.whl", hash = "sha256:13a2e4a93bb8ca74a749b6974925c27219bb3df4d42fc45e948a5d9feb5122b7"},
    {file = "black-23.9.1-cp310-cp310-win_amd64.whl", hash = "sha256:adc3e4442eef57f99b5590b245a328aad19c99552e0bdc7f0b04db6656debd80"},
    {file = "black-23.9.1-cp311-cp311-macosx_10_16_arm64.whl", hash = "sha256:8431445bf62d2a914b541da7ab3e2b4f3bc052d2ccbf157ebad18ea126efb91f"},
    {file = "black-23.9.1-cp311-cp311-macosx_10_16_universal2.whl", hash = "sha256:8fc1ddcf83f996247505db6b715294eba56ea9372e107fd54963c7553f2b6dfe"},
    {file = "black-23.9.1-cp311-cp311-macosx_10_16_x86_64.whl", hash = "sha256:7d30ec46de88091e4316b17ae58bbbfc12b2de05e069030f6b747dfc649ad186"},
    {file = "black-23.9.1-cp311-cp311-manylinux_2_17_x86_64.manylinux2014_x86_64.whl", hash = "sha256:031e8c69f3d3b09e1aa471a926a1eeb0b9071f80b17689a655f7885ac9325a6f"},
    {file = "black-23.9.1-cp311-cp311-win_amd64.whl", hash = "sha256:538efb451cd50f43aba394e9ec7ad55a37598faae3348d723b59ea8e91616300"},
    {file = "black-23.9.1-cp38-cp38-macosx_10_16_arm64.whl", hash = "sha256:638619a559280de0c2aa4d76f504891c9860bb8fa214267358f0a20f27c12948"},
    {file = "black-23.9.1-cp38-cp38-macosx_10_16_universal2.whl", hash = "sha256:a732b82747235e0542c03bf352c126052c0fbc458d8a239a94701175b17d4855"},
    {file = "black-23.9.1-cp38-cp38-macosx_10_16_x86_64.whl", hash = "sha256:cf3a4d00e4cdb6734b64bf23cd4341421e8953615cba6b3670453737a72ec204"},
    {file = "black-23.9.1-cp38-cp38-manylinux_2_17_x86_64.manylinux2014_x86_64.whl", hash = "sha256:cf99f3de8b3273a8317681d8194ea222f10e0133a24a7548c73ce44ea1679377"},
    {file = "black-23.9.1-cp38-cp38-win_amd64.whl", hash = "sha256:14f04c990259576acd093871e7e9b14918eb28f1866f91968ff5524293f9c573"},
    {file = "black-23.9.1-cp39-cp39-macosx_10_16_arm64.whl", hash = "sha256:c619f063c2d68f19b2d7270f4cf3192cb81c9ec5bc5ba02df91471d0b88c4c5c"},
    {file = "black-23.9.1-cp39-cp39-macosx_10_16_universal2.whl", hash = "sha256:6a3b50e4b93f43b34a9d3ef00d9b6728b4a722c997c99ab09102fd5efdb88325"},
    {file = "black-23.9.1-cp39-cp39-macosx_10_16_x86_64.whl", hash = "sha256:c46767e8df1b7beefb0899c4a95fb43058fa8500b6db144f4ff3ca38eb2f6393"},
    {file = "black-23.9.1-cp39-cp39-manylinux_2_17_x86_64.manylinux2014_x86_64.whl", hash = "sha256:50254ebfa56aa46a9fdd5d651f9637485068a1adf42270148cd101cdf56e0ad9"},
    {file = "black-23.9.1-cp39-cp39-win_amd64.whl", hash = "sha256:403397c033adbc45c2bd41747da1f7fc7eaa44efbee256b53842470d4ac5a70f"},
    {file = "black-23.9.1-py3-none-any.whl", hash = "sha256:6ccd59584cc834b6d127628713e4b6b968e5f79572da66284532525a042549f9"},
    {file = "black-23.9.1.tar.gz", hash = "sha256:24b6b3ff5c6d9ea08a8888f6977eae858e1f340d7260cf56d70a49823236b62d"},
]

[package.dependencies]
click = ">=8.0.0"
mypy-extensions = ">=0.4.3"
packaging = ">=22.0"
pathspec = ">=0.9.0"
platformdirs = ">=2"
tomli = {version = ">=1.1.0", markers = "python_version < \"3.11\""}
typing-extensions = {version = ">=4.0.1", markers = "python_version < \"3.11\""}

[package.extras]
colorama = ["colorama (>=0.4.3)"]
d = ["aiohttp (>=3.7.4)"]
jupyter = ["ipython (>=7.8.0)", "tokenize-rt (>=3.2.0)"]
uvloop = ["uvloop (>=0.15.2)"]

[[package]]
name = "click"
version = "8.1.3"
description = "Composable command line interface toolkit"
optional = false
python-versions = ">=3.7"
files = [
    {file = "click-8.1.3-py3-none-any.whl", hash = "sha256:bb4d8133cb15a609f44e8213d9b391b0809795062913b383c62be0ee95b1db48"},
    {file = "click-8.1.3.tar.gz", hash = "sha256:7682dc8afb30297001674575ea00d1814d808d6a36af415a82bd481d37ba7b8e"},
]

[package.dependencies]
colorama = {version = "*", markers = "platform_system == \"Windows\""}

[[package]]
name = "colorama"
version = "0.4.6"
description = "Cross-platform colored terminal text."
optional = false
python-versions = "!=3.0.*,!=3.1.*,!=3.2.*,!=3.3.*,!=3.4.*,!=3.5.*,!=3.6.*,>=2.7"
files = [
    {file = "colorama-0.4.6-py2.py3-none-any.whl", hash = "sha256:4f1d9991f5acc0ca119f9d443620b77f9d6b33703e51011c16baf57afb285fc6"},
    {file = "colorama-0.4.6.tar.gz", hash = "sha256:08695f5cb7ed6e0531a20572697297273c47b8cae5a63ffc6d6ed5c201be6e44"},
]

[[package]]
name = "exceptiongroup"
version = "1.1.1"
description = "Backport of PEP 654 (exception groups)"
optional = false
python-versions = ">=3.7"
files = [
    {file = "exceptiongroup-1.1.1-py3-none-any.whl", hash = "sha256:232c37c63e4f682982c8b6459f33a8981039e5fb8756b2074364e5055c498c9e"},
    {file = "exceptiongroup-1.1.1.tar.gz", hash = "sha256:d484c3090ba2889ae2928419117447a14daf3c1231d5e30d0aae34f354f01785"},
]

[package.extras]
test = ["pytest (>=6)"]

[[package]]
name = "iniconfig"
version = "2.0.0"
description = "brain-dead simple config-ini parsing"
optional = false
python-versions = ">=3.7"
files = [
    {file = "iniconfig-2.0.0-py3-none-any.whl", hash = "sha256:b6a85871a79d2e3b22d2d1b94ac2824226a63c6b741c88f7ae975f18b6778374"},
    {file = "iniconfig-2.0.0.tar.gz", hash = "sha256:2d91e135bf72d31a410b17c16da610a82cb55f6b0477d1a902134b24a455b8b3"},
]

[[package]]
name = "mypy"
version = "1.5.1"
description = "Optional static typing for Python"
optional = false
python-versions = ">=3.8"
files = [
    {file = "mypy-1.5.1-cp310-cp310-macosx_10_9_x86_64.whl", hash = "sha256:f33592ddf9655a4894aef22d134de7393e95fcbdc2d15c1ab65828eee5c66c70"},
    {file = "mypy-1.5.1-cp310-cp310-macosx_11_0_arm64.whl", hash = "sha256:258b22210a4a258ccd077426c7a181d789d1121aca6db73a83f79372f5569ae0"},
    {file = "mypy-1.5.1-cp310-cp310-manylinux_2_17_x86_64.manylinux2014_x86_64.whl", hash = "sha256:a9ec1f695f0c25986e6f7f8778e5ce61659063268836a38c951200c57479cc12"},
    {file = "mypy-1.5.1-cp310-cp310-musllinux_1_1_x86_64.whl", hash = "sha256:abed92d9c8f08643c7d831300b739562b0a6c9fcb028d211134fc9ab20ccad5d"},
    {file = "mypy-1.5.1-cp310-cp310-win_amd64.whl", hash = "sha256:a156e6390944c265eb56afa67c74c0636f10283429171018446b732f1a05af25"},
    {file = "mypy-1.5.1-cp311-cp311-macosx_10_9_x86_64.whl", hash = "sha256:6ac9c21bfe7bc9f7f1b6fae441746e6a106e48fc9de530dea29e8cd37a2c0cc4"},
    {file = "mypy-1.5.1-cp311-cp311-macosx_11_0_arm64.whl", hash = "sha256:51cb1323064b1099e177098cb939eab2da42fea5d818d40113957ec954fc85f4"},
    {file = "mypy-1.5.1-cp311-cp311-manylinux_2_17_x86_64.manylinux2014_x86_64.whl", hash = "sha256:596fae69f2bfcb7305808c75c00f81fe2829b6236eadda536f00610ac5ec2243"},
    {file = "mypy-1.5.1-cp311-cp311-musllinux_1_1_x86_64.whl", hash = "sha256:32cb59609b0534f0bd67faebb6e022fe534bdb0e2ecab4290d683d248be1b275"},
    {file = "mypy-1.5.1-cp311-cp311-win_amd64.whl", hash = "sha256:159aa9acb16086b79bbb0016145034a1a05360626046a929f84579ce1666b315"},
    {file = "mypy-1.5.1-cp312-cp312-macosx_10_9_x86_64.whl", hash = "sha256:f6b0e77db9ff4fda74de7df13f30016a0a663928d669c9f2c057048ba44f09bb"},
    {file = "mypy-1.5.1-cp312-cp312-macosx_11_0_arm64.whl", hash = "sha256:26f71b535dfc158a71264e6dc805a9f8d2e60b67215ca0bfa26e2e1aa4d4d373"},
    {file = "mypy-1.5.1-cp312-cp312-manylinux_2_17_x86_64.manylinux2014_x86_64.whl", hash = "sha256:2fc3a600f749b1008cc75e02b6fb3d4db8dbcca2d733030fe7a3b3502902f161"},
    {file = "mypy-1.5.1-cp312-cp312-musllinux_1_1_x86_64.whl", hash = "sha256:26fb32e4d4afa205b24bf645eddfbb36a1e17e995c5c99d6d00edb24b693406a"},
    {file = "mypy-1.5.1-cp312-cp312-win_amd64.whl", hash = "sha256:82cb6193de9bbb3844bab4c7cf80e6227d5225cc7625b068a06d005d861ad5f1"},
    {file = "mypy-1.5.1-cp38-cp38-macosx_10_9_x86_64.whl", hash = "sha256:4a465ea2ca12804d5b34bb056be3a29dc47aea5973b892d0417c6a10a40b2d65"},
    {file = "mypy-1.5.1-cp38-cp38-macosx_11_0_arm64.whl", hash = "sha256:9fece120dbb041771a63eb95e4896791386fe287fefb2837258925b8326d6160"},
    {file = "mypy-1.5.1-cp38-cp38-manylinux_2_17_x86_64.manylinux2014_x86_64.whl", hash = "sha256:d28ddc3e3dfeab553e743e532fb95b4e6afad51d4706dd22f28e1e5e664828d2"},
    {file = "mypy-1.5.1-cp38-cp38-musllinux_1_1_x86_64.whl", hash = "sha256:57b10c56016adce71fba6bc6e9fd45d8083f74361f629390c556738565af8eeb"},
    {file = "mypy-1.5.1-cp38-cp38-win_amd64.whl", hash = "sha256:ff0cedc84184115202475bbb46dd99f8dcb87fe24d5d0ddfc0fe6b8575c88d2f"},
    {file = "mypy-1.5.1-cp39-cp39-macosx_10_9_x86_64.whl", hash = "sha256:8f772942d372c8cbac575be99f9cc9d9fb3bd95c8bc2de6c01411e2c84ebca8a"},
    {file = "mypy-1.5.1-cp39-cp39-macosx_11_0_arm64.whl", hash = "sha256:5d627124700b92b6bbaa99f27cbe615c8ea7b3402960f6372ea7d65faf376c14"},
    {file = "mypy-1.5.1-cp39-cp39-manylinux_2_17_x86_64.manylinux2014_x86_64.whl", hash = "sha256:361da43c4f5a96173220eb53340ace68cda81845cd88218f8862dfb0adc8cddb"},
    {file = "mypy-1.5.1-cp39-cp39-musllinux_1_1_x86_64.whl", hash = "sha256:330857f9507c24de5c5724235e66858f8364a0693894342485e543f5b07c8693"},
    {file = "mypy-1.5.1-cp39-cp39-win_amd64.whl", hash = "sha256:c543214ffdd422623e9fedd0869166c2f16affe4ba37463975043ef7d2ea8770"},
    {file = "mypy-1.5.1-py3-none-any.whl", hash = "sha256:f757063a83970d67c444f6e01d9550a7402322af3557ce7630d3c957386fa8f5"},
    {file = "mypy-1.5.1.tar.gz", hash = "sha256:b031b9601f1060bf1281feab89697324726ba0c0bae9d7cd7ab4b690940f0b92"},
]

[package.dependencies]
mypy-extensions = ">=1.0.0"
tomli = {version = ">=1.1.0", markers = "python_version < \"3.11\""}
typing-extensions = ">=4.1.0"

[package.extras]
dmypy = ["psutil (>=4.0)"]
install-types = ["pip"]
reports = ["lxml"]

[[package]]
name = "mypy-extensions"
version = "1.0.0"
description = "Type system extensions for programs checked with the mypy type checker."
optional = false
python-versions = ">=3.5"
files = [
    {file = "mypy_extensions-1.0.0-py3-none-any.whl", hash = "sha256:4392f6c0eb8a5668a69e23d168ffa70f0be9ccfd32b5cc2d26a34ae5b844552d"},
    {file = "mypy_extensions-1.0.0.tar.gz", hash = "sha256:75dbf8955dc00442a438fc4d0666508a9a97b6bd41aa2f0ffe9d2f2725af0782"},
]

[[package]]
name = "numpy"
version = "1.24.2"
description = "Fundamental package for array computing in Python"
optional = false
python-versions = ">=3.8"
files = [
    {file = "numpy-1.24.2-cp310-cp310-macosx_10_9_x86_64.whl", hash = "sha256:eef70b4fc1e872ebddc38cddacc87c19a3709c0e3e5d20bf3954c147b1dd941d"},
    {file = "numpy-1.24.2-cp310-cp310-macosx_11_0_arm64.whl", hash = "sha256:e8d2859428712785e8a8b7d2b3ef0a1d1565892367b32f915c4a4df44d0e64f5"},
    {file = "numpy-1.24.2-cp310-cp310-manylinux_2_17_aarch64.manylinux2014_aarch64.whl", hash = "sha256:6524630f71631be2dabe0c541e7675db82651eb998496bbe16bc4f77f0772253"},
    {file = "numpy-1.24.2-cp310-cp310-manylinux_2_17_x86_64.manylinux2014_x86_64.whl", hash = "sha256:a51725a815a6188c662fb66fb32077709a9ca38053f0274640293a14fdd22978"},
    {file = "numpy-1.24.2-cp310-cp310-win32.whl", hash = "sha256:2620e8592136e073bd12ee4536149380695fbe9ebeae845b81237f986479ffc9"},
    {file = "numpy-1.24.2-cp310-cp310-win_amd64.whl", hash = "sha256:97cf27e51fa078078c649a51d7ade3c92d9e709ba2bfb97493007103c741f1d0"},
    {file = "numpy-1.24.2-cp311-cp311-macosx_10_9_x86_64.whl", hash = "sha256:7de8fdde0003f4294655aa5d5f0a89c26b9f22c0a58790c38fae1ed392d44a5a"},
    {file = "numpy-1.24.2-cp311-cp311-macosx_11_0_arm64.whl", hash = "sha256:4173bde9fa2a005c2c6e2ea8ac1618e2ed2c1c6ec8a7657237854d42094123a0"},
    {file = "numpy-1.24.2-cp311-cp311-manylinux_2_17_aarch64.manylinux2014_aarch64.whl", hash = "sha256:4cecaed30dc14123020f77b03601559fff3e6cd0c048f8b5289f4eeabb0eb281"},
    {file = "numpy-1.24.2-cp311-cp311-manylinux_2_17_x86_64.manylinux2014_x86_64.whl", hash = "sha256:9a23f8440561a633204a67fb44617ce2a299beecf3295f0d13c495518908e910"},
    {file = "numpy-1.24.2-cp311-cp311-win32.whl", hash = "sha256:e428c4fbfa085f947b536706a2fc349245d7baa8334f0c5723c56a10595f9b95"},
    {file = "numpy-1.24.2-cp311-cp311-win_amd64.whl", hash = "sha256:557d42778a6869c2162deb40ad82612645e21d79e11c1dc62c6e82a2220ffb04"},
    {file = "numpy-1.24.2-cp38-cp38-macosx_10_9_x86_64.whl", hash = "sha256:d0a2db9d20117bf523dde15858398e7c0858aadca7c0f088ac0d6edd360e9ad2"},
    {file = "numpy-1.24.2-cp38-cp38-macosx_11_0_arm64.whl", hash = "sha256:c72a6b2f4af1adfe193f7beb91ddf708ff867a3f977ef2ec53c0ffb8283ab9f5"},
    {file = "numpy-1.24.2-cp38-cp38-manylinux_2_17_aarch64.manylinux2014_aarch64.whl", hash = "sha256:c29e6bd0ec49a44d7690ecb623a8eac5ab8a923bce0bea6293953992edf3a76a"},
    {file = "numpy-1.24.2-cp38-cp38-manylinux_2_17_x86_64.manylinux2014_x86_64.whl", hash = "sha256:2eabd64ddb96a1239791da78fa5f4e1693ae2dadc82a76bc76a14cbb2b966e96"},
    {file = "numpy-1.24.2-cp38-cp38-win32.whl", hash = "sha256:e3ab5d32784e843fc0dd3ab6dcafc67ef806e6b6828dc6af2f689be0eb4d781d"},
    {file = "numpy-1.24.2-cp38-cp38-win_amd64.whl", hash = "sha256:76807b4063f0002c8532cfeac47a3068a69561e9c8715efdad3c642eb27c0756"},
    {file = "numpy-1.24.2-cp39-cp39-macosx_10_9_x86_64.whl", hash = "sha256:4199e7cfc307a778f72d293372736223e39ec9ac096ff0a2e64853b866a8e18a"},
    {file = "numpy-1.24.2-cp39-cp39-macosx_11_0_arm64.whl", hash = "sha256:adbdce121896fd3a17a77ab0b0b5eedf05a9834a18699db6829a64e1dfccca7f"},
    {file = "numpy-1.24.2-cp39-cp39-manylinux_2_17_aarch64.manylinux2014_aarch64.whl", hash = "sha256:889b2cc88b837d86eda1b17008ebeb679d82875022200c6e8e4ce6cf549b7acb"},
    {file = "numpy-1.24.2-cp39-cp39-manylinux_2_17_x86_64.manylinux2014_x86_64.whl", hash = "sha256:f64bb98ac59b3ea3bf74b02f13836eb2e24e48e0ab0145bbda646295769bd780"},
    {file = "numpy-1.24.2-cp39-cp39-win32.whl", hash = "sha256:63e45511ee4d9d976637d11e6c9864eae50e12dc9598f531c035265991910468"},
    {file = "numpy-1.24.2-cp39-cp39-win_amd64.whl", hash = "sha256:a77d3e1163a7770164404607b7ba3967fb49b24782a6ef85d9b5f54126cc39e5"},
    {file = "numpy-1.24.2-pp38-pypy38_pp73-macosx_10_9_x86_64.whl", hash = "sha256:92011118955724465fb6853def593cf397b4a1367495e0b59a7e69d40c4eb71d"},
    {file = "numpy-1.24.2-pp38-pypy38_pp73-manylinux_2_17_x86_64.manylinux2014_x86_64.whl", hash = "sha256:f9006288bcf4895917d02583cf3411f98631275bc67cce355a7f39f8c14338fa"},
    {file = "numpy-1.24.2-pp38-pypy38_pp73-win_amd64.whl", hash = "sha256:150947adbdfeceec4e5926d956a06865c1c690f2fd902efede4ca6fe2e657c3f"},
    {file = "numpy-1.24.2.tar.gz", hash = "sha256:003a9f530e880cb2cd177cba1af7220b9aa42def9c4afc2a2fc3ee6be7eb2b22"},
]

[[package]]
name = "onnx"
version = "1.14.1"
description = "Open Neural Network Exchange"
optional = false
python-versions = "*"
files = [
    {file = "onnx-1.14.1-cp310-cp310-macosx_10_12_universal2.whl", hash = "sha256:05d8609b4148f8ee4bd5d8186875ccb288300106242fc5201b8b575681bbd5c4"},
    {file = "onnx-1.14.1-cp310-cp310-macosx_10_12_x86_64.whl", hash = "sha256:f131c2fd36f7848437be9de3b1fa5449a94245e16c6f275f66ac7cf8f183ec26"},
    {file = "onnx-1.14.1-cp310-cp310-manylinux_2_17_aarch64.manylinux2014_aarch64.whl", hash = "sha256:ea8d7abe048d0e9e31541dc62e9e40b8411b11377d2a22ed842e678802b4e1aa"},
    {file = "onnx-1.14.1-cp310-cp310-manylinux_2_17_x86_64.manylinux2014_x86_64.whl", hash = "sha256:921ad325b17484698d9d65978e123b1f351328ea50de6f84f25d09d5c7dde361"},
    {file = "onnx-1.14.1-cp310-cp310-win32.whl", hash = "sha256:6c8156be97762814c7c835d597320ef1f6630f034344fbc672cd6edddbbf78ee"},
    {file = "onnx-1.14.1-cp310-cp310-win_amd64.whl", hash = "sha256:776ab461515c20cc4e24dbd75af32b6b1e64de931dc5873b049f13bfec1c96e9"},
    {file = "onnx-1.14.1-cp311-cp311-macosx_10_12_universal2.whl", hash = "sha256:93e614edaf87ea1adba24663780ac62e30f421c117d695379daa9ff816de821b"},
    {file = "onnx-1.14.1-cp311-cp311-macosx_10_12_x86_64.whl", hash = "sha256:65672ae827ea5f0e59dc0d1cef1c0ed5083d5e8348946f98f1715ebb123573e9"},
    {file = "onnx-1.14.1-cp311-cp311-manylinux_2_17_aarch64.manylinux2014_aarch64.whl", hash = "sha256:6efa7375d91b1da10badd1d2701a94b0e9b111a5e1a227be1bf877450cea84ac"},
    {file = "onnx-1.14.1-cp311-cp311-manylinux_2_17_x86_64.manylinux2014_x86_64.whl", hash = "sha256:4b9cd91b85cfbb0d6478f4a1a0aee4d95cf8839adc48c69130a0cf8452f21db4"},
    {file = "onnx-1.14.1-cp311-cp311-win32.whl", hash = "sha256:1072baf93e04bbbed45f8f997cbbe96e179080b4cd95bc676882fe64aa709dd6"},
    {file = "onnx-1.14.1-cp311-cp311-win_amd64.whl", hash = "sha256:16a6667aff34431ab828b393ed8153c0a0cf15152d76f8d93aa48fb206217827"},
    {file = "onnx-1.14.1-cp37-cp37m-macosx_10_12_universal2.whl", hash = "sha256:3fde9e1854e525aae93b403c1174bf68dc86ac92b6f8fb4af0fe3ec0d1440631"},
    {file = "onnx-1.14.1-cp37-cp37m-macosx_10_12_x86_64.whl", hash = "sha256:58e6eb27c99dbefc84b4234388f5f668b49a1aaeced1580cb96f5fe05800a77c"},
    {file = "onnx-1.14.1-cp37-cp37m-manylinux_2_17_aarch64.manylinux2014_aarch64.whl", hash = "sha256:84653e8e19f5d051f9e7ed9cf7285527fd34e093e3b50554121849664e97c254"},
    {file = "onnx-1.14.1-cp37-cp37m-manylinux_2_17_x86_64.manylinux2014_x86_64.whl", hash = "sha256:6b4a0e029b3604dc5294a7333f622d8c04d6a6a1bc4f51054195074f61b8f41a"},
    {file = "onnx-1.14.1-cp37-cp37m-win32.whl", hash = "sha256:f5046bfbe7f9bab59fc53984aaa5b47a35c8f8e98787053e1650049a1aaf12de"},
    {file = "onnx-1.14.1-cp37-cp37m-win_amd64.whl", hash = "sha256:b37e7bd8baf75efa78ecce713273e2aa29c8c06f69cee6107b413cd03bf59b20"},
    {file = "onnx-1.14.1-cp38-cp38-macosx_10_12_universal2.whl", hash = "sha256:758dc585885e997f1086019f098e7ce0a4b3ab7d5a89bb2093572bb68ea906c1"},
    {file = "onnx-1.14.1-cp38-cp38-macosx_10_12_x86_64.whl", hash = "sha256:486ced7588437ff08a03914ac110d64caa686ff7fa766123d15c8d8eeec29210"},
    {file = "onnx-1.14.1-cp38-cp38-manylinux_2_17_aarch64.manylinux2014_aarch64.whl", hash = "sha256:498ecc3e545b80685501c26b62eeeda0b8ae2f2ba8ff3f650ce1f526924aa699"},
    {file = "onnx-1.14.1-cp38-cp38-manylinux_2_17_x86_64.manylinux2014_x86_64.whl", hash = "sha256:e991e867b799df0d7ed4cdad94c6a3ed9bebaceef3e574ac9eed314e1bfca0ef"},
    {file = "onnx-1.14.1-cp38-cp38-win32.whl", hash = "sha256:a8c3b1398b156f8bae9882ed8c602e1aa5171180fffcbeb1f9a337fe307c1df4"},
    {file = "onnx-1.14.1-cp38-cp38-win_amd64.whl", hash = "sha256:cf20e7a346d22468a128a40c5cc1f4d20c3939e21e74fc8e3be8ba66c6f82444"},
    {file = "onnx-1.14.1-cp39-cp39-macosx_10_12_universal2.whl", hash = "sha256:17f78637d2f6c3c9afad0611fe4c583b6ba4839ac724af0846e5db24dc8dadc0"},
    {file = "onnx-1.14.1-cp39-cp39-macosx_10_12_x86_64.whl", hash = "sha256:60ad73263a06056f9aa288b082887c6330be08475471c3a009f62439b2a67dca"},
    {file = "onnx-1.14.1-cp39-cp39-manylinux_2_17_aarch64.manylinux2014_aarch64.whl", hash = "sha256:030aa47e28337fd81f4d884032660e40912a4763ce4e5a4b4144380271390e82"},
    {file = "onnx-1.14.1-cp39-cp39-manylinux_2_17_x86_64.manylinux2014_x86_64.whl", hash = "sha256:6b113fa0183034743e6477fec928e478a6d94eee8d9a4376c144d20d736cdc45"},
    {file = "onnx-1.14.1-cp39-cp39-win32.whl", hash = "sha256:b9c28a99d4a620cb1d31120d35e0fab54073b9725ed50c3cd3ec7beb876e8dba"},
    {file = "onnx-1.14.1-cp39-cp39-win_amd64.whl", hash = "sha256:bdb15fc4b7f2a8a19abb52ac9672db876f9505e7219e206bcb7530e7c1274e55"},
    {file = "onnx-1.14.1.tar.gz", hash = "sha256:70903afe163643bd71195c78cedcc3f4fa05a2af651fd950ef3acbb15175b2d1"},
]

[package.dependencies]
numpy = "*"
protobuf = ">=3.20.2"
typing-extensions = ">=3.6.2.1"

[package.extras]
lint = ["lintrunner (>=0.10.0)", "lintrunner-adapters (>=0.3)"]

[[package]]
name = "packaging"
version = "23.1"
description = "Core utilities for Python packages"
optional = false
python-versions = ">=3.7"
files = [
    {file = "packaging-23.1-py3-none-any.whl", hash = "sha256:994793af429502c4ea2ebf6bf664629d07c1a9fe974af92966e4b8d2df7edc61"},
    {file = "packaging-23.1.tar.gz", hash = "sha256:a392980d2b6cffa644431898be54b0045151319d1e7ec34f0cfed48767dd334f"},
]

[[package]]
name = "pathspec"
version = "0.11.1"
description = "Utility library for gitignore style pattern matching of file paths."
optional = false
python-versions = ">=3.7"
files = [
    {file = "pathspec-0.11.1-py3-none-any.whl", hash = "sha256:d8af70af76652554bd134c22b3e8a1cc46ed7d91edcdd721ef1a0c51a84a5293"},
    {file = "pathspec-0.11.1.tar.gz", hash = "sha256:2798de800fa92780e33acca925945e9a19a133b715067cf165b8866c15a31687"},
]

[[package]]
name = "platformdirs"
version = "3.2.0"
description = "A small Python package for determining appropriate platform-specific dirs, e.g. a \"user data dir\"."
optional = false
python-versions = ">=3.7"
files = [
    {file = "platformdirs-3.2.0-py3-none-any.whl", hash = "sha256:ebe11c0d7a805086e99506aa331612429a72ca7cd52a1f0d277dc4adc20cb10e"},
    {file = "platformdirs-3.2.0.tar.gz", hash = "sha256:d5b638ca397f25f979350ff789db335903d7ea010ab28903f57b27e1b16c2b08"},
]

[package.extras]
docs = ["furo (>=2022.12.7)", "proselint (>=0.13)", "sphinx (>=6.1.3)", "sphinx-autodoc-typehints (>=1.22,!=1.23.4)"]
test = ["appdirs (==1.4.4)", "covdefaults (>=2.3)", "pytest (>=7.2.2)", "pytest-cov (>=4)", "pytest-mock (>=3.10)"]

[[package]]
name = "pluggy"
version = "1.0.0"
description = "plugin and hook calling mechanisms for python"
optional = false
python-versions = ">=3.6"
files = [
    {file = "pluggy-1.0.0-py2.py3-none-any.whl", hash = "sha256:74134bbf457f031a36d68416e1509f34bd5ccc019f0bcc952c7b909d06b37bd3"},
    {file = "pluggy-1.0.0.tar.gz", hash = "sha256:4224373bacce55f955a878bf9cfa763c1e360858e330072059e10bad68531159"},
]

[package.extras]
dev = ["pre-commit", "tox"]
testing = ["pytest", "pytest-benchmark"]

[[package]]
name = "protobuf"
version = "3.20.3"
description = "Protocol Buffers"
optional = false
python-versions = ">=3.7"
files = [
    {file = "protobuf-3.20.3-cp310-cp310-manylinux2014_aarch64.whl", hash = "sha256:f4bd856d702e5b0d96a00ec6b307b0f51c1982c2bf9c0052cf9019e9a544ba99"},
    {file = "protobuf-3.20.3-cp310-cp310-manylinux_2_12_x86_64.manylinux2010_x86_64.whl", hash = "sha256:9aae4406ea63d825636cc11ffb34ad3379335803216ee3a856787bcf5ccc751e"},
    {file = "protobuf-3.20.3-cp310-cp310-win32.whl", hash = "sha256:28545383d61f55b57cf4df63eebd9827754fd2dc25f80c5253f9184235db242c"},
    {file = "protobuf-3.20.3-cp310-cp310-win_amd64.whl", hash = "sha256:67a3598f0a2dcbc58d02dd1928544e7d88f764b47d4a286202913f0b2801c2e7"},
    {file = "protobuf-3.20.3-cp36-cp36m-manylinux_2_5_x86_64.manylinux1_x86_64.whl", hash = "sha256:899dc660cd599d7352d6f10d83c95df430a38b410c1b66b407a6b29265d66469"},
    {file = "protobuf-3.20.3-cp37-cp37m-macosx_10_9_x86_64.whl", hash = "sha256:e64857f395505ebf3d2569935506ae0dfc4a15cb80dc25261176c784662cdcc4"},
    {file = "protobuf-3.20.3-cp37-cp37m-manylinux2014_aarch64.whl", hash = "sha256:d9e4432ff660d67d775c66ac42a67cf2453c27cb4d738fc22cb53b5d84c135d4"},
    {file = "protobuf-3.20.3-cp37-cp37m-manylinux_2_5_x86_64.manylinux1_x86_64.whl", hash = "sha256:74480f79a023f90dc6e18febbf7b8bac7508420f2006fabd512013c0c238f454"},
    {file = "protobuf-3.20.3-cp37-cp37m-win32.whl", hash = "sha256:b6cc7ba72a8850621bfec987cb72623e703b7fe2b9127a161ce61e61558ad905"},
    {file = "protobuf-3.20.3-cp37-cp37m-win_amd64.whl", hash = "sha256:8c0c984a1b8fef4086329ff8dd19ac77576b384079247c770f29cc8ce3afa06c"},
    {file = "protobuf-3.20.3-cp38-cp38-macosx_10_9_x86_64.whl", hash = "sha256:de78575669dddf6099a8a0f46a27e82a1783c557ccc38ee620ed8cc96d3be7d7"},
    {file = "protobuf-3.20.3-cp38-cp38-manylinux2014_aarch64.whl", hash = "sha256:f4c42102bc82a51108e449cbb32b19b180022941c727bac0cfd50170341f16ee"},
    {file = "protobuf-3.20.3-cp38-cp38-manylinux_2_5_x86_64.manylinux1_x86_64.whl", hash = "sha256:44246bab5dd4b7fbd3c0c80b6f16686808fab0e4aca819ade6e8d294a29c7050"},
    {file = "protobuf-3.20.3-cp38-cp38-win32.whl", hash = "sha256:c02ce36ec760252242a33967d51c289fd0e1c0e6e5cc9397e2279177716add86"},
    {file = "protobuf-3.20.3-cp38-cp38-win_amd64.whl", hash = "sha256:447d43819997825d4e71bf5769d869b968ce96848b6479397e29fc24c4a5dfe9"},
    {file = "protobuf-3.20.3-cp39-cp39-macosx_10_9_x86_64.whl", hash = "sha256:398a9e0c3eaceb34ec1aee71894ca3299605fa8e761544934378bbc6c97de23b"},
    {file = "protobuf-3.20.3-cp39-cp39-manylinux2014_aarch64.whl", hash = "sha256:bf01b5720be110540be4286e791db73f84a2b721072a3711efff6c324cdf074b"},
    {file = "protobuf-3.20.3-cp39-cp39-manylinux_2_5_x86_64.manylinux1_x86_64.whl", hash = "sha256:daa564862dd0d39c00f8086f88700fdbe8bc717e993a21e90711acfed02f2402"},
    {file = "protobuf-3.20.3-cp39-cp39-win32.whl", hash = "sha256:819559cafa1a373b7096a482b504ae8a857c89593cf3a25af743ac9ecbd23480"},
    {file = "protobuf-3.20.3-cp39-cp39-win_amd64.whl", hash = "sha256:03038ac1cfbc41aa21f6afcbcd357281d7521b4157926f30ebecc8d4ea59dcb7"},
    {file = "protobuf-3.20.3-py2.py3-none-any.whl", hash = "sha256:a7ca6d488aa8ff7f329d4c545b2dbad8ac31464f1d8b1c87ad1346717731e4db"},
    {file = "protobuf-3.20.3.tar.gz", hash = "sha256:2e3427429c9cffebf259491be0af70189607f365c2f41c7c3764af6f337105f2"},
]

[[package]]
name = "pytest"
version = "7.4.2"
description = "pytest: simple powerful testing with Python"
optional = false
python-versions = ">=3.7"
files = [
    {file = "pytest-7.4.2-py3-none-any.whl", hash = "sha256:1d881c6124e08ff0a1bb75ba3ec0bfd8b5354a01c194ddd5a0a870a48d99b002"},
    {file = "pytest-7.4.2.tar.gz", hash = "sha256:a766259cfab564a2ad52cb1aae1b881a75c3eb7e34ca3779697c23ed47c47069"},
]

[package.dependencies]
colorama = {version = "*", markers = "sys_platform == \"win32\""}
exceptiongroup = {version = ">=1.0.0rc8", markers = "python_version < \"3.11\""}
iniconfig = "*"
packaging = "*"
pluggy = ">=0.12,<2.0"
tomli = {version = ">=1.0.0", markers = "python_version < \"3.11\""}

[package.extras]
testing = ["argcomplete", "attrs (>=19.2.0)", "hypothesis (>=3.56)", "mock", "nose", "pygments (>=2.7.2)", "requests", "setuptools", "xmlschema"]

[[package]]
name = "ruff"
version = "0.0.287"
description = "An extremely fast Python linter, written in Rust."
optional = false
python-versions = ">=3.7"
files = [
    {file = "ruff-0.0.287-py3-none-macosx_10_7_x86_64.whl", hash = "sha256:1e0f9ee4c3191444eefeda97d7084721d9b8e29017f67997a20c153457f2eafd"},
    {file = "ruff-0.0.287-py3-none-macosx_10_9_x86_64.macosx_11_0_arm64.macosx_10_9_universal2.whl", hash = "sha256:e9843e5704d4fb44e1a8161b0d31c1a38819723f0942639dfeb53d553be9bfb5"},
    {file = "ruff-0.0.287-py3-none-manylinux_2_17_aarch64.manylinux2014_aarch64.whl", hash = "sha256:8ca1ed11d759a29695aed2bfc7f914b39bcadfe2ef08d98ff69c873f639ad3a8"},
    {file = "ruff-0.0.287-py3-none-manylinux_2_17_armv7l.manylinux2014_armv7l.whl", hash = "sha256:1cf4d5ad3073af10f186ea22ce24bc5a8afa46151f6896f35c586e40148ba20b"},
    {file = "ruff-0.0.287-py3-none-manylinux_2_17_i686.manylinux2014_i686.whl", hash = "sha256:66d9d58bcb29afd72d2afe67120afcc7d240efc69a235853813ad556443dc922"},
    {file = "ruff-0.0.287-py3-none-manylinux_2_17_ppc64.manylinux2014_ppc64.whl", hash = "sha256:06ac5df7dd3ba8bf83bba1490a72f97f1b9b21c7cbcba8406a09de1a83f36083"},
    {file = "ruff-0.0.287-py3-none-manylinux_2_17_ppc64le.manylinux2014_ppc64le.whl", hash = "sha256:2bfb478e1146a60aa740ab9ebe448b1f9e3c0dfb54be3cc58713310eef059c30"},
    {file = "ruff-0.0.287-py3-none-manylinux_2_17_s390x.manylinux2014_s390x.whl", hash = "sha256:00d579a011949108c4b4fa04c4f1ee066dab536a9ba94114e8e580c96be2aeb4"},
    {file = "ruff-0.0.287-py3-none-manylinux_2_17_x86_64.manylinux2014_x86_64.whl", hash = "sha256:d3a810a79b8029cc92d06c36ea1f10be5298d2323d9024e1d21aedbf0a1a13e5"},
    {file = "ruff-0.0.287-py3-none-musllinux_1_2_aarch64.whl", hash = "sha256:150007028ad4976ce9a7704f635ead6d0e767f73354ce0137e3e44f3a6c0963b"},
    {file = "ruff-0.0.287-py3-none-musllinux_1_2_armv7l.whl", hash = "sha256:a24a280db71b0fa2e0de0312b4aecb8e6d08081d1b0b3c641846a9af8e35b4a7"},
    {file = "ruff-0.0.287-py3-none-musllinux_1_2_i686.whl", hash = "sha256:2918cb7885fa1611d542de1530bea3fbd63762da793751cc8c8d6e4ba234c3d8"},
    {file = "ruff-0.0.287-py3-none-musllinux_1_2_x86_64.whl", hash = "sha256:33d7b251afb60bec02a64572b0fd56594b1923ee77585bee1e7e1daf675e7ae7"},
    {file = "ruff-0.0.287-py3-none-win32.whl", hash = "sha256:022f8bed2dcb5e5429339b7c326155e968a06c42825912481e10be15dafb424b"},
    {file = "ruff-0.0.287-py3-none-win_amd64.whl", hash = "sha256:26bd0041d135a883bd6ab3e0b29c42470781fb504cf514e4c17e970e33411d90"},
    {file = "ruff-0.0.287-py3-none-win_arm64.whl", hash = "sha256:44bceb3310ac04f0e59d4851e6227f7b1404f753997c7859192e41dbee9f5c8d"},
    {file = "ruff-0.0.287.tar.gz", hash = "sha256:02dc4f5bf53ef136e459d467f3ce3e04844d509bc46c025a05b018feb37bbc39"},
]

[[package]]
name = "tomli"
version = "2.0.1"
description = "A lil' TOML parser"
optional = false
python-versions = ">=3.7"
files = [
    {file = "tomli-2.0.1-py3-none-any.whl", hash = "sha256:939de3e7a6161af0c887ef91b7d41a53e7c5a1ca976325f429cb46ea9bc30ecc"},
    {file = "tomli-2.0.1.tar.gz", hash = "sha256:de526c12914f0c550d15924c62d72abc48d6fe7364aa87328337a31007fe8a4f"},
]

[[package]]
name = "typing-extensions"
version = "4.5.0"
description = "Backported and Experimental Type Hints for Python 3.7+"
optional = false
python-versions = ">=3.7"
files = [
    {file = "typing_extensions-4.5.0-py3-none-any.whl", hash = "sha256:fb33085c39dd998ac16d1431ebc293a8b3eedd00fd4a32de0ff79002c19511b4"},
    {file = "typing_extensions-4.5.0.tar.gz", hash = "sha256:5cb5f4a79139d699607b3ef622a1dedafa84e115ab0024e0d9c044a9479ca7cb"},
]

[metadata]
lock-version = "2.0"
python-versions = "^3.10"
content-hash = "101aadeb2d594bc9b962e99890796ceba5b4a54b60a75ada129728b76955bb86"
